
Microsoft Visual Studio Solution File, Format Version 10.00
# Visual C++ Express 2008
Project("{8BC9CEB8-8B4A-11D0-8D11-00A0C91BC942}") = "test", "test\test.vcproj", "{BEE6FA05-EB88-45B6-8F63-10158F04262F}"
EndProject
Global
	GlobalSection(SolutionConfigurationPlatforms) = preSolution
		Debug|Win32 = Debug|Win32
		Release|Win32 = Release|Win32
	EndGlobalSection
	GlobalSection(ProjectConfigurationPlatforms) = postSolution
		{BEE6FA05-EB88-45B6-8F63-10158F04262F}.Debug|Win32.ActiveCfg = Debug|Win32
		{BEE6FA05-EB88-45B6-8F63-10158F04262F}.Debug|Win32.Build.0 = Debug|Win32
		{BEE6FA05-EB88-45B6-8F63-10158F04262F}.Release|Win32.ActiveCfg = Release|Win32
		{BEE6FA05-EB88-45B6-8F63-10158F04262F}.Release|Win32.Build.0 = Release|Win32
	EndGlobalSection
	GlobalSection(SolutionProperties) = preSolution
		HideSolutionNode = FALSE
	EndGlobalSection
EndGlobal
