
Microsoft Visual Studio Solution File, Format Version 10.00
# Visual C++ Express 2008
Project("{8BC9CEB8-8B4A-11D0-8D11-00A0C91BC942}") = "Begin with Win32", "Begin with Win32\Begin with Win32.vcproj", "{ACFC7B04-DBBE-448B-9D4F-9F96CE0B6D52}"
EndProject
Global
	GlobalSection(SolutionConfigurationPlatforms) = preSolution
		Debug|Win32 = Debug|Win32
		Release|Win32 = Release|Win32
	EndGlobalSection
	GlobalSection(ProjectConfigurationPlatforms) = postSolution
		{ACFC7B04-DBBE-448B-9D4F-9F96CE0B6D52}.Debug|Win32.ActiveCfg = Debug|Win32
		{ACFC7B04-DBBE-448B-9D4F-9F96CE0B6D52}.Debug|Win32.Build.0 = Debug|Win32
		{ACFC7B04-DBBE-448B-9D4F-9F96CE0B6D52}.Release|Win32.ActiveCfg = Release|Win32
		{ACFC7B04-DBBE-448B-9D4F-9F96CE0B6D52}.Release|Win32.Build.0 = Release|Win32
	EndGlobalSection
	GlobalSection(SolutionProperties) = preSolution
		HideSolutionNode = FALSE
	EndGlobalSection
EndGlobal
